github.com/brianvoe/gofakeit/v6 v6.9.0 h1:UCGhPCKLiqBc910TKS7LcOGf74NozftibFCbGIS6GZQ=
github.com/brianvoe/gofakeit/v6 v6.9.0/go.mod h1:palrJUk4Fyw38zIFB/uBZqsgzW5VsNllhHKKwAebzew=
github.com/gorilla/mux v1.8.0 h1:i40aqfkR1h2SlN9hojwV5ZA91wcXFOvkdNIeFDP5koI=
github.com/gorilla/mux v1.8.0/go.mod h1:DVbg23sWSpFRCP0SfiEN6jmj59UnW/n46BH5rLB71So=
